// !$*UTF8*$!
{
	archiveVersion = 1;
	classes = {
	};
	objectVersion = 56;
	objects = {

/* Begin PBXBuildFile section */
		4DAC901629D047C000FB3634 /* AppDelegate.swift in Sources */ = {isa = PBXBuildFile; fileRef = 4DAC901529D047C000FB3634 /* AppDelegate.swift */; };
		4DAC901829D047C000FB3634 /* SceneDelegate.swift in Sources */ = {isa = PBXBuildFile; fileRef = 4DAC901729D047C000FB3634 /* SceneDelegate.swift */; };
		4DAC901D29D047C000FB3634 /* Main.storyboard in Resources */ = {isa = PBXBuildFile; fileRef = 4DAC901B29D047C000FB3634 /* Main.storyboard */; };
		4DAC901F29D047C100FB3634 /* Assets.xcassets in Resources */ = {isa = PBXBuildFile; fileRef = 4DAC901E29D047C100FB3634 /* Assets.xcassets */; };
		4DAC902229D047C100FB3634 /* LaunchScreen.storyboard in Resources */ = {isa = PBXBuildFile; fileRef = 4DAC902029D047C100FB3634 /* LaunchScreen.storyboard */; };
		4DAC902B29D0497B00FB3634 /* Realm in Frameworks */ = {isa = PBXBuildFile; productRef = 4DAC902A29D0497B00FB3634 /* Realm */; };
		4DAC902D29D0497B00FB3634 /* RealmSwift in Frameworks */ = {isa = PBXBuildFile; productRef = 4DAC902C29D0497B00FB3634 /* RealmSwift */; };
		4DAC903129D04AD200FB3634 /* TaskList.swift in Sources */ = {isa = PBXBuildFile; fileRef = 4DAC903029D04AD200FB3634 /* TaskList.swift */; };
		4DAC903429D04B4C00FB3634 /* DataManager.swift in Sources */ = {isa = PBXBuildFile; fileRef = 4DAC903329D04B4C00FB3634 /* DataManager.swift */; };
		4DAC903629D04B6300FB3634 /* StorageManager.swift in Sources */ = {isa = PBXBuildFile; fileRef = 4DAC903529D04B6300FB3634 /* StorageManager.swift */; };
		4DAC903B29D054BA00FB3634 /* TaskListViewController.swift in Sources */ = {isa = PBXBuildFile; fileRef = 4DAC903A29D054BA00FB3634 /* TaskListViewController.swift */; };
		4DAC903D29D054E900FB3634 /* TaskViewController.swift in Sources */ = {isa = PBXBuildFile; fileRef = 4DAC903C29D054E900FB3634 /* TaskViewController.swift */; };
		4DAC903F29D0551100FB3634 /* Extension + UIAlertController.swift in Sources */ = {isa = PBXBuildFile; fileRef = 4DAC903E29D0551100FB3634 /* Extension + UIAlertController.swift */; };
		4DAC904229D5A84000FB3634 /* Extension + UITableViewCell.swift in Sources */ = {isa = PBXBuildFile; fileRef = 4DAC904129D5A84000FB3634 /* Extension + UITableViewCell.swift */; };
/* End PBXBuildFile section */

/* Begin PBXFileReference section */
		4DAC901229D047C000FB3634 /* realm.app */ = {isa = PBXFileReference; explicitFileType = wrapper.application; includeInIndex = 0; path = realm.app; sourceTree = BUILT_PRODUCTS_DIR; };
		4DAC901529D047C000FB3634 /* AppDelegate.swift */ = {isa = PBXFileReference; lastKnownFileType = sourcecode.swift; path = AppDelegate.swift; sourceTree = "<group>"; };
		4DAC901729D047C000FB3634 /* SceneDelegate.swift */ = {isa = PBXFileReference; lastKnownFileType = sourcecode.swift; path = SceneDelegate.swift; sourceTree = "<group>"; };
		4DAC901C29D047C000FB3634 /* Base */ = {isa = PBXFileReference; lastKnownFileType = file.storyboard; name = Base; path = Base.lproj/Main.storyboard; sourceTree = "<group>"; };
		4DAC901E29D047C100FB3634 /* Assets.xcassets */ = {isa = PBXFileReference; lastKnownFileType = folder.assetcatalog; path = Assets.xcassets; sourceTree = "<group>"; };
		4DAC902129D047C100FB3634 /* Base */ = {isa = PBXFileReference; lastKnownFileType = file.storyboard; name = Base; path = Base.lproj/LaunchScreen.storyboard; sourceTree = "<group>"; };
		4DAC902329D047C100FB3634 /* Info.plist */ = {isa = PBXFileReference; lastKnownFileType = text.plist.xml; path = Info.plist; sourceTree = "<group>"; };
		4DAC903029D04AD200FB3634 /* TaskList.swift */ = {isa = PBXFileReference; lastKnownFileType = sourcecode.swift; path = TaskList.swift; sourceTree = "<group>"; };
		4DAC903329D04B4C00FB3634 /* DataManager.swift */ = {isa = PBXFileReference; lastKnownFileType = sourcecode.swift; path = DataManager.swift; sourceTree = "<group>"; };
		4DAC903529D04B6300FB3634 /* StorageManager.swift */ = {isa = PBXFileReference; lastKnownFileType = sourcecode.swift; path = StorageManager.swift; sourceTree = "<group>"; };
		4DAC903A29D054BA00FB3634 /* TaskListViewController.swift */ = {isa = PBXFileReference; lastKnownFileType = sourcecode.swift; path = TaskListViewController.swift; sourceTree = "<group>"; };
		4DAC903C29D054E900FB3634 /* TaskViewController.swift */ = {isa = PBXFileReference; lastKnownFileType = sourcecode.swift; path = TaskViewController.swift; sourceTree = "<group>"; };
		4DAC903E29D0551100FB3634 /* Extension + UIAlertController.swift */ = {isa = PBXFileReference; lastKnownFileType = sourcecode.swift; path = "Extension + UIAlertController.swift"; sourceTree = "<group>"; };
		4DAC904129D5A84000FB3634 /* Extension + UITableViewCell.swift */ = {isa = PBXFileReference; lastKnownFileType = sourcecode.swift; path = "Extension + UITableViewCell.swift"; sourceTree = "<group>"; };
/* End PBXFileReference section */

/* Begin PBXFrameworksBuildPhase section */
		4DAC900F29D047C000FB3634 /* Frameworks */ = {
			isa = PBXFrameworksBuildPhase;
			buildActionMask = 2147483647;
			files = (
				4DAC902D29D0497B00FB3634 /* RealmSwift in Frameworks */,
				4DAC902B29D0497B00FB3634 /* Realm in Frameworks */,
			);
			runOnlyForDeploymentPostprocessing = 0;
		};
/* End PBXFrameworksBuildPhase section */

/* Begin PBXGroup section */
		4DAC900929D047C000FB3634 = {
			isa = PBXGroup;
			children = (
				4DAC901429D047C000FB3634 /* realm */,
				4DAC901329D047C000FB3634 /* Products */,
			);
			sourceTree = "<group>";
		};
		4DAC901329D047C000FB3634 /* Products */ = {
			isa = PBXGroup;
			children = (
				4DAC901229D047C000FB3634 /* realm.app */,
			);
			name = Products;
			sourceTree = "<group>";
		};
		4DAC901429D047C000FB3634 /* realm */ = {
			isa = PBXGroup;
			children = (
				4DAC902E29D04A3D00FB3634 /* ViewControllers */,
				4DAC903229D04AEB00FB3634 /* Services */,
				4DAC904029D5A7C100FB3634 /* Extension */,
				4DAC902F29D04A7800FB3634 /* Models */,
				4DAC903729D04B8200FB3634 /* Storyboards */,
				4DAC903829D04C2900FB3634 /* App */,
				4DAC902329D047C100FB3634 /* Info.plist */,
				4DAC901E29D047C100FB3634 /* Assets.xcassets */,
			);
			path = realm;
			sourceTree = "<group>";
		};
		4DAC902E29D04A3D00FB3634 /* ViewControllers */ = {
			isa = PBXGroup;
			children = (
				4DAC903A29D054BA00FB3634 /* TaskListViewController.swift */,
				4DAC903C29D054E900FB3634 /* TaskViewController.swift */,
			);
			path = ViewControllers;
			sourceTree = "<group>";
		};
		4DAC902F29D04A7800FB3634 /* Models */ = {
			isa = PBXGroup;
			children = (
				4DAC903029D04AD200FB3634 /* TaskList.swift */,
			);
			path = Models;
			sourceTree = "<group>";
		};
		4DAC903229D04AEB00FB3634 /* Services */ = {
			isa = PBXGroup;
			children = (
				4DAC903329D04B4C00FB3634 /* DataManager.swift */,
				4DAC903529D04B6300FB3634 /* StorageManager.swift */,
			);
			path = Services;
			sourceTree = "<group>";
		};
		4DAC903729D04B8200FB3634 /* Storyboards */ = {
			isa = PBXGroup;
			children = (
				4DAC901B29D047C000FB3634 /* Main.storyboard */,
				4DAC902029D047C100FB3634 /* LaunchScreen.storyboard */,
			);
			path = Storyboards;
			sourceTree = "<group>";
		};
		4DAC903829D04C2900FB3634 /* App */ = {
			isa = PBXGroup;
			children = (
				4DAC901529D047C000FB3634 /* AppDelegate.swift */,
				4DAC901729D047C000FB3634 /* SceneDelegate.swift */,
			);
			path = App;
			sourceTree = "<group>";
		};
		4DAC904029D5A7C100FB3634 /* Extension */ = {
			isa = PBXGroup;
			children = (
				4DAC903E29D0551100FB3634 /* Extension + UIAlertController.swift */,
				4DAC904129D5A84000FB3634 /* Extension + UITableViewCell.swift */,
			);
			path = Extension;
			sourceTree = "<group>";
		};
/* End PBXGroup section */

/* Begin PBXNativeTarget section */
		4DAC901129D047C000FB3634 /* realm */ = {
			isa = PBXNativeTarget;
			buildConfigurationList = 4DAC902629D047C100FB3634 /* Build configuration list for PBXNativeTarget "realm" */;
			buildPhases = (
				4DAC900E29D047C000FB3634 /* Sources */,
				4DAC900F29D047C000FB3634 /* Frameworks */,
				4DAC901029D047C000FB3634 /* Resources */,
			);
			buildRules = (
			);
			dependencies = (
			);
			name = realm;
			packageProductDependencies = (
				4DAC902A29D0497B00FB3634 /* Realm */,
				4DAC902C29D0497B00FB3634 /* RealmSwift */,
			);
			productName = realm;
			productReference = 4DAC901229D047C000FB3634 /* realm.app */;
			productType = "com.apple.product-type.application";
		};
/* End PBXNativeTarget section */

/* Begin PBXProject section */
		4DAC900A29D047C000FB3634 /* Project object */ = {
			isa = PBXProject;
			attributes = {
				BuildIndependentTargetsInParallel = 1;
				LastSwiftUpdateCheck = 1420;
				LastUpgradeCheck = 1420;
				TargetAttributes = {
					4DAC901129D047C000FB3634 = {
						CreatedOnToolsVersion = 14.2;
					};
				};
			};
			buildConfigurationList = 4DAC900D29D047C000FB3634 /* Build configuration list for PBXProject "realm" */;
			compatibilityVersion = "Xcode 14.0";
			developmentRegion = en;
			hasScannedForEncodings = 0;
			knownRegions = (
				en,
				Base,
			);
			mainGroup = 4DAC900929D047C000FB3634;
			packageReferences = (
				4DAC902929D0497B00FB3634 /* XCRemoteSwiftPackageReference "realm-swift" */,
			);
			productRefGroup = 4DAC901329D047C000FB3634 /* Products */;
			projectDirPath = "";
			projectRoot = "";
			targets = (
				4DAC901129D047C000FB3634 /* realm */,
			);
		};
/* End PBXProject section */

/* Begin PBXResourcesBuildPhase section */
		4DAC901029D047C000FB3634 /* Resources */ = {
			isa = PBXResourcesBuildPhase;
			buildActionMask = 2147483647;
			files = (
				4DAC902229D047C100FB3634 /* LaunchScreen.storyboard in Resources */,
				4DAC901F29D047C100FB3634 /* Assets.xcassets in Resources */,
				4DAC901D29D047C000FB3634 /* Main.storyboard in Resources */,
			);
			runOnlyForDeploymentPostprocessing = 0;
		};
/* End PBXResourcesBuildPhase section */

/* Begin PBXSourcesBuildPhase section */
		4DAC900E29D047C000FB3634 /* Sources */ = {
			isa = PBXSourcesBuildPhase;
			buildActionMask = 2147483647;
			files = (
				4DAC903129D04AD200FB3634 /* TaskList.swift in Sources */,
				4DAC903D29D054E900FB3634 /* TaskViewController.swift in Sources */,
				4DAC903429D04B4C00FB3634 /* DataManager.swift in Sources */,
				4DAC903629D04B6300FB3634 /* StorageManager.swift in Sources */,
				4DAC903F29D0551100FB3634 /* Extension + UIAlertController.swift in Sources */,
				4DAC901629D047C000FB3634 /* AppDelegate.swift in Sources */,
				4DAC904229D5A84000FB3634 /* Extension + UITableViewCell.swift in Sources */,
				4DAC901829D047C000FB3634 /* SceneDelegate.swift in Sources */,
				4DAC903B29D054BA00FB3634 /* TaskListViewController.swift in Sources */,
			);
			runOnlyForDeploymentPostprocessing = 0;
		};
/* End PBXSourcesBuildPhase section */

/* Begin PBXVariantGroup section */
		4DAC901B29D047C000FB3634 /* Main.storyboard */ = {
			isa = PBXVariantGroup;
			children = (
				4DAC901C29D047C000FB3634 /* Base */,
			);
			name = Main.storyboard;
			sourceTree = "<group>";
		};
		4DAC902029D047C100FB3634 /* LaunchScreen.storyboard */ = {
			isa = PBXVariantGroup;
			children = (
				4DAC902129D047C100FB3634 /* Base */,
			);
			name = LaunchScreen.storyboard;
			sourceTree = "<group>";
		};
/* End PBXVariantGroup section */

/* Begin XCBuildConfiguration section */
		4DAC902429D047C100FB3634 /* Debug */ = {
			isa = XCBuildConfiguration;
			buildSettings = {
				ALWAYS_SEARCH_USER_PATHS = NO;
				CLANG_ANALYZER_NONNULL = YES;
				CLANG_ANALYZER_NUMBER_OBJECT_CONVERSION = YES_AGGRESSIVE;
				CLANG_CXX_LANGUAGE_STANDARD = "gnu++20";
				CLANG_ENABLE_MODULES = YES;
				CLANG_ENABLE_OBJC_ARC = YES;
				CLANG_ENABLE_OBJC_WEAK = YES;
				CLANG_WARN_BLOCK_CAPTURE_AUTORELEASING = YES;
				CLANG_WARN_BOOL_CONVERSION = YES;
				CLANG_WARN_COMMA = YES;
				CLANG_WARN_CONSTANT_CONVERSION = YES;
				CLANG_WARN_DEPRECATED_OBJC_IMPLEMENTATIONS = YES;
				CLANG_WARN_DIRECT_OBJC_ISA_USAGE = YES_ERROR;
				CLANG_WARN_DOCUMENTATION_COMMENTS = YES;
				CLANG_WARN_EMPTY_BODY = YES;
				CLANG_WARN_ENUM_CONVERSION = YES;
				CLANG_WARN_INFINITE_RECURSION = YES;
				CLANG_WARN_INT_CONVERSION = YES;
				CLANG_WARN_NON_LITERAL_NULL_CONVERSION = YES;
				CLANG_WARN_OBJC_IMPLICIT_RETAIN_SELF = YES;
				CLANG_WARN_OBJC_LITERAL_CONVERSION = YES;
				CLANG_WARN_OBJC_ROOT_CLASS = YES_ERROR;
				CLANG_WARN_QUOTED_INCLUDE_IN_FRAMEWORK_HEADER = YES;
				CLANG_WARN_RANGE_LOOP_ANALYSIS = YES;
				CLANG_WARN_STRICT_PROTOTYPES = YES;
				CLANG_WARN_SUSPICIOUS_MOVE = YES;
				CLANG_WARN_UNGUARDED_AVAILABILITY = YES_AGGRESSIVE;
				CLANG_WARN_UNREACHABLE_CODE = YES;
				CLANG_WARN__DUPLICATE_METHOD_MATCH = YES;
				COPY_PHASE_STRIP = NO;
				DEBUG_INFORMATION_FORMAT = dwarf;
				ENABLE_STRICT_OBJC_MSGSEND = YES;
				ENABLE_TESTABILITY = YES;
				GCC_C_LANGUAGE_STANDARD = gnu11;
				GCC_DYNAMIC_NO_PIC = NO;
				GCC_NO_COMMON_BLOCKS = YES;
				GCC_OPTIMIZATION_LEVEL = 0;
				GCC_PREPROCESSOR_DEFINITIONS = (
					"DEBUG=1",
					"$(inherited)",
				);
				GCC_WARN_64_TO_32_BIT_CONVERSION = YES;
				GCC_WARN_ABOUT_RETURN_TYPE = YES_ERROR;
				GCC_WARN_UNDECLARED_SELECTOR = YES;
				GCC_WARN_UNINITIALIZED_AUTOS = YES_AGGRESSIVE;
				GCC_WARN_UNUSED_FUNCTION = YES;
				GCC_WARN_UNUSED_VARIABLE = YES;
				IPHONEOS_DEPLOYMENT_TARGET = 16.2;
				MTL_ENABLE_DEBUG_INFO = INCLUDE_SOURCE;
				MTL_FAST_MATH = YES;
				ONLY_ACTIVE_ARCH = YES;
				SDKROOT = iphoneos;
				SWIFT_ACTIVE_COMPILATION_CONDITIONS = DEBUG;
				SWIFT_OPTIMIZATION_LEVEL = "-Onone";
			};
			name = Debug;
		};
		4DAC902529D047C100FB3634 /* Release */ = {
			isa = XCBuildConfiguration;
			buildSettings = {
				ALWAYS_SEARCH_USER_PATHS = NO;
				CLANG_ANALYZER_NONNULL = YES;
				CLANG_ANALYZER_NUMBER_OBJECT_CONVERSION = YES_AGGRESSIVE;
				CLANG_CXX_LANGUAGE_STANDARD = "gnu++20";
				CLANG_ENABLE_MODULES = YES;
				CLANG_ENABLE_OBJC_ARC = YES;
				CLANG_ENABLE_OBJC_WEAK = YES;
				CLANG_WARN_BLOCK_CAPTURE_AUTORELEASING = YES;
				CLANG_WARN_BOOL_CONVERSION = YES;
				CLANG_WARN_COMMA = YES;
				CLANG_WARN_CONSTANT_CONVERSION = YES;
				CLANG_WARN_DEPRECATED_OBJC_IMPLEMENTATIONS = YES;
				CLANG_WARN_DIRECT_OBJC_ISA_USAGE = YES_ERROR;
				CLANG_WARN_DOCUMENTATION_COMMENTS = YES;
				CLANG_WARN_EMPTY_BODY = YES;
				CLANG_WARN_ENUM_CONVERSION = YES;
				CLANG_WARN_INFINITE_RECURSION = YES;
				CLANG_WARN_INT_CONVERSION = YES;
				CLANG_WARN_NON_LITERAL_NULL_CONVERSION = YES;
				CLANG_WARN_OBJC_IMPLICIT_RETAIN_SELF = YES;
				CLANG_WARN_OBJC_LITERAL_CONVERSION = YES;
				CLANG_WARN_OBJC_ROOT_CLASS = YES_ERROR;
				CLANG_WARN_QUOTED_INCLUDE_IN_FRAMEWORK_HEADER = YES;
				CLANG_WARN_RANGE_LOOP_ANALYSIS = YES;
				CLANG_WARN_STRICT_PROTOTYPES = YES;
				CLANG_WARN_SUSPICIOUS_MOVE = YES;
				CLANG_WARN_UNGUARDED_AVAILABILITY = YES_AGGRESSIVE;
				CLANG_WARN_UNREACHABLE_CODE = YES;
				CLANG_WARN__DUPLICATE_METHOD_MATCH = YES;
				COPY_PHASE_STRIP = NO;
				DEBUG_INFORMATION_FORMAT = "dwarf-with-dsym";
				ENABLE_NS_ASSERTIONS = NO;
				ENABLE_STRICT_OBJC_MSGSEND = YES;
				GCC_C_LANGUAGE_STANDARD = gnu11;
				GCC_NO_COMMON_BLOCKS = YES;
				GCC_WARN_64_TO_32_BIT_CONVERSION = YES;
				GCC_WARN_ABOUT_RETURN_TYPE = YES_ERROR;
				GCC_WARN_UNDECLARED_SELECTOR = YES;
				GCC_WARN_UNINITIALIZED_AUTOS = YES_AGGRESSIVE;
				GCC_WARN_UNUSED_FUNCTION = YES;
				GCC_WARN_UNUSED_VARIABLE = YES;
				IPHONEOS_DEPLOYMENT_TARGET = 16.2;
				MTL_ENABLE_DEBUG_INFO = NO;
				MTL_FAST_MATH = YES;
				SDKROOT = iphoneos;
				SWIFT_COMPILATION_MODE = wholemodule;
				SWIFT_OPTIMIZATION_LEVEL = "-O";
				VALIDATE_PRODUCT = YES;
			};
			name = Release;
		};
		4DAC902729D047C100FB3634 /* Debug */ = {
			isa = XCBuildConfiguration;
			buildSettings = {
				ASSETCATALOG_COMPILER_APPICON_NAME = AppIcon;
				ASSETCATALOG_COMPILER_GLOBAL_ACCENT_COLOR_NAME = AccentColor;
				CODE_SIGN_STYLE = Automatic;
				CURRENT_PROJECT_VERSION = 1;
				DEVELOPMENT_TEAM = 3PWVTL9L84;
				GENERATE_INFOPLIST_FILE = YES;
				INFOPLIST_FILE = realm/Info.plist;
				INFOPLIST_KEY_UIApplicationSupportsIndirectInputEvents = YES;
				INFOPLIST_KEY_UILaunchStoryboardName = LaunchScreen;
				INFOPLIST_KEY_UIMainStoryboardFile = Main;
				INFOPLIST_KEY_UISupportedInterfaceOrientations_iPad = "UIInterfaceOrientationPortrait UIInterfaceOrientationPortraitUpsideDown UIInterfaceOrientationLandscapeLeft UIInterfaceOrientationLandscapeRight";
				INFOPLIST_KEY_UISupportedInterfaceOrientations_iPhone = "UIInterfaceOrientationPortrait UIInterfaceOrientationLandscapeLeft UIInterfaceOrientationLandscapeRight";
				LD_RUNPATH_SEARCH_PATHS = (
					"$(inherited)",
					"@executable_path/Frameworks",
				);
				MARKETING_VERSION = 1.0;
				PRODUCT_BUNDLE_IDENTIFIER = lenalog.realm;
				PRODUCT_NAME = "$(TARGET_NAME)";
				SUPPORTED_PLATFORMS = "iphoneos iphonesimulator";
				SUPPORTS_MACCATALYST = NO;
				SUPPORTS_MAC_DESIGNED_FOR_IPHONE_IPAD = NO;
				SWIFT_EMIT_LOC_STRINGS = YES;
				SWIFT_VERSION = 5.0;
				TARGETED_DEVICE_FAMILY = 1;
			};
			name = Debug;
		};
		4DAC902829D047C100FB3634 /* Release */ = {
			isa = XCBuildConfiguration;
			buildSettings = {
				ASSETCATALOG_COMPILER_APPICON_NAME = AppIcon;
				ASSETCATALOG_COMPILER_GLOBAL_ACCENT_COLOR_NAME = AccentColor;
				CODE_SIGN_STYLE = Automatic;
				CURRENT_PROJECT_VERSION = 1;
				DEVELOPMENT_TEAM = 3PWVTL9L84;
				GENERATE_INFOPLIST_FILE = YES;
				INFOPLIST_FILE = realm/Info.plist;
				INFOPLIST_KEY_UIApplicationSupportsIndirectInputEvents = YES;
				INFOPLIST_KEY_UILaunchStoryboardName = LaunchScreen;
				INFOPLIST_KEY_UIMainStoryboardFile = Main;
				INFOPLIST_KEY_UISupportedInterfaceOrientations_iPad = "UIInterfaceOrientationPortrait UIInterfaceOrientationPortraitUpsideDown UIInterfaceOrientationLandscapeLeft UIInterfaceOrientationLandscapeRight";
				INFOPLIST_KEY_UISupportedInterfaceOrientations_iPhone = "UIInterfaceOrientationPortrait UIInterfaceOrientationLandscapeLeft UIInterfaceOrientationLandscapeRight";
				LD_RUNPATH_SEARCH_PATHS = (
					"$(inherited)",
					"@executable_path/Frameworks",
				);
				MARKETING_VERSION = 1.0;
				PRODUCT_BUNDLE_IDENTIFIER = lenalog.realm;
				PRODUCT_NAME = "$(TARGET_NAME)";
				SUPPORTED_PLATFORMS = "iphoneos iphonesimulator";
				SUPPORTS_MACCATALYST = NO;
				SUPPORTS_MAC_DESIGNED_FOR_IPHONE_IPAD = NO;
				SWIFT_EMIT_LOC_STRINGS = YES;
				SWIFT_VERSION = 5.0;
				TARGETED_DEVICE_FAMILY = 1;
			};
			name = Release;
		};
/* End XCBuildConfiguration section */

/* Begin XCConfigurationList section */
		4DAC900D29D047C000FB3634 /* Build configuration list for PBXProject "realm" */ = {
			isa = XCConfigurationList;
			buildConfigurations = (
				4DAC902429D047C100FB3634 /* Debug */,
				4DAC902529D047C100FB3634 /* Release */,
			);
			defaultConfigurationIsVisible = 0;
			defaultConfigurationName = Release;
		};
		4DAC902629D047C100FB3634 /* Build configuration list for PBXNativeTarget "realm" */ = {
			isa = XCConfigurationList;
			buildConfigurations = (
				4DAC902729D047C100FB3634 /* Debug */,
				4DAC902829D047C100FB3634 /* Release */,
			);
			defaultConfigurationIsVisible = 0;
			defaultConfigurationName = Release;
		};
/* End XCConfigurationList section */

/* Begin XCRemoteSwiftPackageReference section */
		4DAC902929D0497B00FB3634 /* XCRemoteSwiftPackageReference "realm-swift" */ = {
			isa = XCRemoteSwiftPackageReference;
			repositoryURL = "https://github.com/realm/realm-swift.git";
			requirement = {
				branch = master;
				kind = branch;
			};
		};
/* End XCRemoteSwiftPackageReference section */

/* Begin XCSwiftPackageProductDependency section */
		4DAC902A29D0497B00FB3634 /* Realm */ = {
			isa = XCSwiftPackageProductDependency;
			package = 4DAC902929D0497B00FB3634 /* XCRemoteSwiftPackageReference "realm-swift" */;
			productName = Realm;
		};
		4DAC902C29D0497B00FB3634 /* RealmSwift */ = {
			isa = XCSwiftPackageProductDependency;
			package = 4DAC902929D0497B00FB3634 /* XCRemoteSwiftPackageReference "realm-swift" */;
			productName = RealmSwift;
		};
/* End XCSwiftPackageProductDependency section */
	};
	rootObject = 4DAC900A29D047C000FB3634 /* Project object */;
}
